// !$*UTF8*$!
{
	archiveVersion = 1;
	classes = {
	};
	objectVersion = 77;
	objects = {

/* Begin PBXBuildFile section */
		36166C6A2EC9065900FF1455 /* WidgetKit.framework in Frameworks */ = {isa = PBXBuildFile; fileRef = 36166C692EC9065900FF1455 /* WidgetKit.framework */; };
		36166C6C2EC9065900FF1455 /* SwiftUI.framework in Frameworks */ = {isa = PBXBuildFile; fileRef = 36166C6B2EC9065900FF1455 /* SwiftUI.framework */; };
		36166C7D2EC9065B00FF1455 /* GymTrackerWidgetExtension.appex in Embed Foundation Extensions */ = {isa = PBXBuildFile; fileRef = 36166C672EC9065900FF1455 /* GymTrackerWidgetExtension.appex */; settings = {ATTRIBUTES = (RemoveHeadersOnCopy, ); }; };
/* End PBXBuildFile section */

/* Begin PBXContainerItemProxy section */
		36166C7B2EC9065B00FF1455 /* PBXContainerItemProxy */ = {
			isa = PBXContainerItemProxy;
			containerPortal = 36C910232EC8F70D008FC284 /* Project object */;
			proxyType = 1;
			remoteGlobalIDString = 36166C662EC9065900FF1455;
			remoteInfo = GymTrackerWidgetExtension;
		};
		36C9103B2EC8F70F008FC284 /* PBXContainerItemProxy */ = {
			isa = PBXContainerItemProxy;
			containerPortal = 36C910232EC8F70D008FC284 /* Project object */;
			proxyType = 1;
			remoteGlobalIDString = 36C9102A2EC8F70D008FC284;
			remoteInfo = "gym-progressive-overload";
		};
		36C910452EC8F70F008FC284 /* PBXContainerItemProxy */ = {
			isa = PBXContainerItemProxy;
			containerPortal = 36C910232EC8F70D008FC284 /* Project object */;
			proxyType = 1;
			remoteGlobalIDString = 36C9102A2EC8F70D008FC284;
			remoteInfo = "gym-progressive-overload";
		};
/* End PBXContainerItemProxy section */

/* Begin PBXCopyFilesBuildPhase section */
		36166C822EC9065B00FF1455 /* Embed Foundation Extensions */ = {
			isa = PBXCopyFilesBuildPhase;
			buildActionMask = 2147483647;
			dstPath = "";
			dstSubfolderSpec = 13;
			files = (
				36166C7D2EC9065B00FF1455 /* GymTrackerWidgetExtension.appex in Embed Foundation Extensions */,
			);
			name = "Embed Foundation Extensions";
			runOnlyForDeploymentPostprocessing = 0;
		};
/* End PBXCopyFilesBuildPhase section */

/* Begin PBXFileReference section */
		36166C672EC9065900FF1455 /* GymTrackerWidgetExtension.appex */ = {isa = PBXFileReference; explicitFileType = "wrapper.app-extension"; includeInIndex = 0; path = GymTrackerWidgetExtension.appex; sourceTree = BUILT_PRODUCTS_DIR; };
		36166C692EC9065900FF1455 /* WidgetKit.framework */ = {isa = PBXFileReference; lastKnownFileType = wrapper.framework; name = WidgetKit.framework; path = System/Library/Frameworks/WidgetKit.framework; sourceTree = SDKROOT; };
		36166C6B2EC9065900FF1455 /* SwiftUI.framework */ = {isa = PBXFileReference; lastKnownFileType = wrapper.framework; name = SwiftUI.framework; path = System/Library/Frameworks/SwiftUI.framework; sourceTree = SDKROOT; };
		36C9102B2EC8F70D008FC284 /* gym-progressive-overload.app */ = {isa = PBXFileReference; explicitFileType = wrapper.application; includeInIndex = 0; path = "gym-progressive-overload.app"; sourceTree = BUILT_PRODUCTS_DIR; };
		36C9103A2EC8F70F008FC284 /* gym-progressive-overloadTests.xctest */ = {isa = PBXFileReference; explicitFileType = wrapper.cfbundle; includeInIndex = 0; path = "gym-progressive-overloadTests.xctest"; sourceTree = BUILT_PRODUCTS_DIR; };
		36C910442EC8F70F008FC284 /* gym-progressive-overloadUITests.xctest */ = {isa = PBXFileReference; explicitFileType = wrapper.cfbundle; includeInIndex = 0; path = "gym-progressive-overloadUITests.xctest"; sourceTree = BUILT_PRODUCTS_DIR; };
/* End PBXFileReference section */

/* Begin PBXFileSystemSynchronizedBuildFileExceptionSet section */
		36166C7E2EC9065B00FF1455 /* Exceptions for "GymTrackerWidget" folder in "GymTrackerWidgetExtension" target */ = {
			isa = PBXFileSystemSynchronizedBuildFileExceptionSet;
			membershipExceptions = (
				Info.plist,
			);
			target = 36166C662EC9065900FF1455 /* GymTrackerWidgetExtension */;
		};
		36166C832EC9066900FF1455 /* Exceptions for "GymTrackerWidget" folder in "gym-progressive-overload" target */ = {
			isa = PBXFileSystemSynchronizedBuildFileExceptionSet;
			membershipExceptions = (
				WorkoutLiveActivity.swift,
			);
			target = 36C9102A2EC8F70D008FC284 /* gym-progressive-overload */;
		};
/* End PBXFileSystemSynchronizedBuildFileExceptionSet section */

/* Begin PBXFileSystemSynchronizedRootGroup section */
		36166C6D2EC9065900FF1455 /* GymTrackerWidget */ = {
			isa = PBXFileSystemSynchronizedRootGroup;
			exceptions = (
				36166C832EC9066900FF1455 /* Exceptions for "GymTrackerWidget" folder in "gym-progressive-overload" target */,
				36166C7E2EC9065B00FF1455 /* Exceptions for "GymTrackerWidget" folder in "GymTrackerWidgetExtension" target */,
			);
			path = GymTrackerWidget;
			sourceTree = "<group>";
		};
		36C9102D2EC8F70D008FC284 /* gym-progressive-overload */ = {
			isa = PBXFileSystemSynchronizedRootGroup;
			path = "gym-progressive-overload";
			sourceTree = "<group>";
		};
		36C9103D2EC8F70F008FC284 /* gym-progressive-overloadTests */ = {
			isa = PBXFileSystemSynchronizedRootGroup;
			path = "gym-progressive-overloadTests";
			sourceTree = "<group>";
		};
		36C910472EC8F70F008FC284 /* gym-progressive-overloadUITests */ = {
			isa = PBXFileSystemSynchronizedRootGroup;
			path = "gym-progressive-overloadUITests";
			sourceTree = "<group>";
		};
/* End PBXFileSystemSynchronizedRootGroup section */

/* Begin PBXFrameworksBuildPhase section */
		36166C642EC9065900FF1455 /* Frameworks */ = {
			isa = PBXFrameworksBuildPhase;
			buildActionMask = 2147483647;
			files = (
				36166C6C2EC9065900FF1455 /* SwiftUI.framework in Frameworks */,
				36166C6A2EC9065900FF1455 /* WidgetKit.framework in Frameworks */,
			);
			runOnlyForDeploymentPostprocessing = 0;
		};
		36C910282EC8F70D008FC284 /* Frameworks */ = {
			isa = PBXFrameworksBuildPhase;
			buildActionMask = 2147483647;
			files = (
			);
			runOnlyForDeploymentPostprocessing = 0;
		};
		36C910372EC8F70F008FC284 /* Frameworks */ = {
			isa = PBXFrameworksBuildPhase;
			buildActionMask = 2147483647;
			files = (
			);
			runOnlyForDeploymentPostprocessing = 0;
		};
		36C910412EC8F70F008FC284 /* Frameworks */ = {
			isa = PBXFrameworksBuildPhase;
			buildActionMask = 2147483647;
			files = (
			);
			runOnlyForDeploymentPostprocessing = 0;
		};
/* End PBXFrameworksBuildPhase section */

/* Begin PBXGroup section */
		36166C682EC9065900FF1455 /* Frameworks */ = {
			isa = PBXGroup;
			children = (
				36166C692EC9065900FF1455 /* WidgetKit.framework */,
				36166C6B2EC9065900FF1455 /* SwiftUI.framework */,
			);
			name = Frameworks;
			sourceTree = "<group>";
		};
		36C910222EC8F70D008FC284 = {
			isa = PBXGroup;
			children = (
				36C9102D2EC8F70D008FC284 /* gym-progressive-overload */,
				36C9103D2EC8F70F008FC284 /* gym-progressive-overloadTests */,
				36C910472EC8F70F008FC284 /* gym-progressive-overloadUITests */,
				36166C6D2EC9065900FF1455 /* GymTrackerWidget */,
				36166C682EC9065900FF1455 /* Frameworks */,
				36C9102C2EC8F70D008FC284 /* Products */,
			);
			sourceTree = "<group>";
		};
		36C9102C2EC8F70D008FC284 /* Products */ = {
			isa = PBXGroup;
			children = (
				36C9102B2EC8F70D008FC284 /* gym-progressive-overload.app */,
				36C9103A2EC8F70F008FC284 /* gym-progressive-overloadTests.xctest */,
				36C910442EC8F70F008FC284 /* gym-progressive-overloadUITests.xctest */,
				36166C672EC9065900FF1455 /* GymTrackerWidgetExtension.appex */,
			);
			name = Products;
			sourceTree = "<group>";
		};
/* End PBXGroup section */

/* Begin PBXNativeTarget section */
		36166C662EC9065900FF1455 /* GymTrackerWidgetExtension */ = {
			isa = PBXNativeTarget;
			buildConfigurationList = 36166C7F2EC9065B00FF1455 /* Build configuration list for PBXNativeTarget "GymTrackerWidgetExtension" */;
			buildPhases = (
				36166C632EC9065900FF1455 /* Sources */,
				36166C642EC9065900FF1455 /* Frameworks */,
				36166C652EC9065900FF1455 /* Resources */,
			);
			buildRules = (
			);
			dependencies = (
			);
			fileSystemSynchronizedGroups = (
				36166C6D2EC9065900FF1455 /* GymTrackerWidget */,
			);
			name = GymTrackerWidgetExtension;
			packageProductDependencies = (
			);
			productName = GymTrackerWidgetExtension;
			productReference = 36166C672EC9065900FF1455 /* GymTrackerWidgetExtension.appex */;
			productType = "com.apple.product-type.app-extension";
		};
		36C9102A2EC8F70D008FC284 /* gym-progressive-overload */ = {
			isa = PBXNativeTarget;
			buildConfigurationList = 36C9104E2EC8F70F008FC284 /* Build configuration list for PBXNativeTarget "gym-progressive-overload" */;
			buildPhases = (
				36C910272EC8F70D008FC284 /* Sources */,
				36C910282EC8F70D008FC284 /* Frameworks */,
				36C910292EC8F70D008FC284 /* Resources */,
				36166C822EC9065B00FF1455 /* Embed Foundation Extensions */,
			);
			buildRules = (
			);
			dependencies = (
				36166C7C2EC9065B00FF1455 /* PBXTargetDependency */,
			);
			fileSystemSynchronizedGroups = (
				36C9102D2EC8F70D008FC284 /* gym-progressive-overload */,
			);
			name = "gym-progressive-overload";
			packageProductDependencies = (
			);
			productName = "gym-progressive-overload";
			productReference = 36C9102B2EC8F70D008FC284 /* gym-progressive-overload.app */;
			productType = "com.apple.product-type.application";
		};
		36C910392EC8F70F008FC284 /* gym-progressive-overloadTests */ = {
			isa = PBXNativeTarget;
			buildConfigurationList = 36C910512EC8F70F008FC284 /* Build configuration list for PBXNativeTarget "gym-progressive-overloadTests" */;
			buildPhases = (
				36C910362EC8F70F008FC284 /* Sources */,
				36C910372EC8F70F008FC284 /* Frameworks */,
				36C910382EC8F70F008FC284 /* Resources */,
			);
			buildRules = (
			);
			dependencies = (
				36C9103C2EC8F70F008FC284 /* PBXTargetDependency */,
			);
			fileSystemSynchronizedGroups = (
				36C9103D2EC8F70F008FC284 /* gym-progressive-overloadTests */,
			);
			name = "gym-progressive-overloadTests";
			packageProductDependencies = (
			);
			productName = "gym-progressive-overloadTests";
			productReference = 36C9103A2EC8F70F008FC284 /* gym-progressive-overloadTests.xctest */;
			productType = "com.apple.product-type.bundle.unit-test";
		};
		36C910432EC8F70F008FC284 /* gym-progressive-overloadUITests */ = {
			isa = PBXNativeTarget;
			buildConfigurationList = 36C910542EC8F70F008FC284 /* Build configuration list for PBXNativeTarget "gym-progressive-overloadUITests" */;
			buildPhases = (
				36C910402EC8F70F008FC284 /* Sources */,
				36C910412EC8F70F008FC284 /* Frameworks */,
				36C910422EC8F70F008FC284 /* Resources */,
			);
			buildRules = (
			);
			dependencies = (
				36C910462EC8F70F008FC284 /* PBXTargetDependency */,
			);
			fileSystemSynchronizedGroups = (
				36C910472EC8F70F008FC284 /* gym-progressive-overloadUITests */,
			);
			name = "gym-progressive-overloadUITests";
			packageProductDependencies = (
			);
			productName = "gym-progressive-overloadUITests";
			productReference = 36C910442EC8F70F008FC284 /* gym-progressive-overloadUITests.xctest */;
			productType = "com.apple.product-type.bundle.ui-testing";
		};
/* End PBXNativeTarget section */

/* Begin PBXProject section */
		36C910232EC8F70D008FC284 /* Project object */ = {
			isa = PBXProject;
			attributes = {
				BuildIndependentTargetsInParallel = 1;
				LastSwiftUpdateCheck = 2610;
				LastUpgradeCheck = 2610;
				TargetAttributes = {
					36166C662EC9065900FF1455 = {
						CreatedOnToolsVersion = 26.1.1;
					};
					36C9102A2EC8F70D008FC284 = {
						CreatedOnToolsVersion = 26.1.1;
					};
					36C910392EC8F70F008FC284 = {
						CreatedOnToolsVersion = 26.1.1;
						TestTargetID = 36C9102A2EC8F70D008FC284;
					};
					36C910432EC8F70F008FC284 = {
						CreatedOnToolsVersion = 26.1.1;
						TestTargetID = 36C9102A2EC8F70D008FC284;
					};
				};
			};
			buildConfigurationList = 36C910262EC8F70D008FC284 /* Build configuration list for PBXProject "gym-progressive-overload" */;
			developmentRegion = en;
			hasScannedForEncodings = 0;
			knownRegions = (
				en,
				Base,
			);
			mainGroup = 36C910222EC8F70D008FC284;
			minimizedProjectReferenceProxies = 1;
			preferredProjectObjectVersion = 77;
			productRefGroup = 36C9102C2EC8F70D008FC284 /* Products */;
			projectDirPath = "";
			projectRoot = "";
			targets = (
				36C9102A2EC8F70D008FC284 /* gym-progressive-overload */,
				36C910392EC8F70F008FC284 /* gym-progressive-overloadTests */,
				36C910432EC8F70F008FC284 /* gym-progressive-overloadUITests */,
				36166C662EC9065900FF1455 /* GymTrackerWidgetExtension */,
			);
		};
/* End PBXProject section */

/* Begin PBXResourcesBuildPhase section */
		36166C652EC9065900FF1455 /* Resources */ = {
			isa = PBXResourcesBuildPhase;
			buildActionMask = 2147483647;
			files = (
			);
			runOnlyForDeploymentPostprocessing = 0;
		};
		36C910292EC8F70D008FC284 /* Resources */ = {
			isa = PBXResourcesBuildPhase;
			buildActionMask = 2147483647;
			files = (
			);
			runOnlyForDeploymentPostprocessing = 0;
		};
		36C910382EC8F70F008FC284 /* Resources */ = {
			isa = PBXResourcesBuildPhase;
			buildActionMask = 2147483647;
			files = (
			);
			runOnlyForDeploymentPostprocessing = 0;
		};
		36C910422EC8F70F008FC284 /* Resources */ = {
			isa = PBXResourcesBuildPhase;
			buildActionMask = 2147483647;
			files = (
			);
			runOnlyForDeploymentPostprocessing = 0;
		};
/* End PBXResourcesBuildPhase section */

/* Begin PBXSourcesBuildPhase section */
		36166C632EC9065900FF1455 /* Sources */ = {
			isa = PBXSourcesBuildPhase;
			buildActionMask = 2147483647;
			files = (
			);
			runOnlyForDeploymentPostprocessing = 0;
		};
		36C910272EC8F70D008FC284 /* Sources */ = {
			isa = PBXSourcesBuildPhase;
			buildActionMask = 2147483647;
			files = (
			);
			runOnlyForDeploymentPostprocessing = 0;
		};
		36C910362EC8F70F008FC284 /* Sources */ = {
			isa = PBXSourcesBuildPhase;
			buildActionMask = 2147483647;
			files = (
			);
			runOnlyForDeploymentPostprocessing = 0;
		};
		36C910402EC8F70F008FC284 /* Sources */ = {
			isa = PBXSourcesBuildPhase;
			buildActionMask = 2147483647;
			files = (
			);
			runOnlyForDeploymentPostprocessing = 0;
		};
/* End PBXSourcesBuildPhase section */

/* Begin PBXTargetDependency section */
		36166C7C2EC9065B00FF1455 /* PBXTargetDependency */ = {
			isa = PBXTargetDependency;
			target = 36166C662EC9065900FF1455 /* GymTrackerWidgetExtension */;
			targetProxy = 36166C7B2EC9065B00FF1455 /* PBXContainerItemProxy */;
		};
		36C9103C2EC8F70F008FC284 /* PBXTargetDependency */ = {
			isa = PBXTargetDependency;
			target = 36C9102A2EC8F70D008FC284 /* gym-progressive-overload */;
			targetProxy = 36C9103B2EC8F70F008FC284 /* PBXContainerItemProxy */;
		};
		36C910462EC8F70F008FC284 /* PBXTargetDependency */ = {
			isa = PBXTargetDependency;
			target = 36C9102A2EC8F70D008FC284 /* gym-progressive-overload */;
			targetProxy = 36C910452EC8F70F008FC284 /* PBXContainerItemProxy */;
		};
/* End PBXTargetDependency section */

/* Begin XCBuildConfiguration section */
		36166C802EC9065B00FF1455 /* Debug */ = {
			isa = XCBuildConfiguration;
			buildSettings = {
				ASSETCATALOG_COMPILER_GLOBAL_ACCENT_COLOR_NAME = AccentColor;
				ASSETCATALOG_COMPILER_WIDGET_BACKGROUND_COLOR_NAME = WidgetBackground;
				CODE_SIGN_STYLE = Automatic;
				CURRENT_PROJECT_VERSION = 1;
				GENERATE_INFOPLIST_FILE = YES;
				INFOPLIST_FILE = GymTrackerWidget/Info.plist;
				INFOPLIST_KEY_CFBundleDisplayName = GymTrackerWidget;
				INFOPLIST_KEY_NSHumanReadableCopyright = "";
				LD_RUNPATH_SEARCH_PATHS = (
					"$(inherited)",
					"@executable_path/Frameworks",
					"@executable_path/../../Frameworks",
				);
				MARKETING_VERSION = 1.0;
				PRODUCT_BUNDLE_IDENTIFIER = "alrinc.gym-progressive-overload.GymTrackerWidget";
				PRODUCT_NAME = "$(TARGET_NAME)";
				SKIP_INSTALL = YES;
				STRING_CATALOG_GENERATE_SYMBOLS = YES;
				SWIFT_APPROACHABLE_CONCURRENCY = YES;
				SWIFT_EMIT_LOC_STRINGS = YES;
				SWIFT_UPCOMING_FEATURE_MEMBER_IMPORT_VISIBILITY = YES;
				SWIFT_VERSION = 5.0;
				TARGETED_DEVICE_FAMILY = "1,2";
			};
			name = Debug;
		};
		36166C812EC9065B00FF1455 /* Release */ = {
			isa = XCBuildConfiguration;
			buildSettings = {
				ASSETCATALOG_COMPILER_GLOBAL_ACCENT_COLOR_NAME = AccentColor;
				ASSETCATALOG_COMPILER_WIDGET_BACKGROUND_COLOR_NAME = WidgetBackground;
				CODE_SIGN_STYLE = Automatic;
				CURRENT_PROJECT_VERSION = 1;
				GENERATE_INFOPLIST_FILE = YES;
				INFOPLIST_FILE = GymTrackerWidget/Info.plist;
				INFOPLIST_KEY_CFBundleDisplayName = GymTrackerWidget;
				INFOPLIST_KEY_NSHumanReadableCopyright = "";
				LD_RUNPATH_SEARCH_PATHS = (
					"$(inherited)",
					"@executable_path/Frameworks",
					"@executable_path/../../Frameworks",
				);
				MARKETING_VERSION = 1.0;
				PRODUCT_BUNDLE_IDENTIFIER = "alrinc.gym-progressive-overload.GymTrackerWidget";
				PRODUCT_NAME = "$(TARGET_NAME)";
				SKIP_INSTALL = YES;
				STRING_CATALOG_GENERATE_SYMBOLS = YES;
				SWIFT_APPROACHABLE_CONCURRENCY = YES;
				SWIFT_EMIT_LOC_STRINGS = YES;
				SWIFT_UPCOMING_FEATURE_MEMBER_IMPORT_VISIBILITY = YES;
				SWIFT_VERSION = 5.0;
				TARGETED_DEVICE_FAMILY = "1,2";
			};
			name = Release;
		};
		36C9104C2EC8F70F008FC284 /* Debug */ = {
			isa = XCBuildConfiguration;
			buildSettings = {
				ALWAYS_SEARCH_USER_PATHS = NO;
				ASSETCATALOG_COMPILER_GENERATE_SWIFT_ASSET_SYMBOL_EXTENSIONS = YES;
				CLANG_ANALYZER_NONNULL = YES;
				CLANG_ANALYZER_NUMBER_OBJECT_CONVERSION = YES_AGGRESSIVE;
				CLANG_CXX_LANGUAGE_STANDARD = "gnu++20";
				CLANG_ENABLE_MODULES = YES;
				CLANG_ENABLE_OBJC_ARC = YES;
				CLANG_ENABLE_OBJC_WEAK = YES;
				CLANG_WARN_BLOCK_CAPTURE_AUTORELEASING = YES;
				CLANG_WARN_BOOL_CONVERSION = YES;
				CLANG_WARN_COMMA = YES;
				CLANG_WARN_CONSTANT_CONVERSION = YES;
				CLANG_WARN_DEPRECATED_OBJC_IMPLEMENTATIONS = YES;
				CLANG_WARN_DIRECT_OBJC_ISA_USAGE = YES_ERROR;
				CLANG_WARN_DOCUMENTATION_COMMENTS = YES;
				CLANG_WARN_EMPTY_BODY = YES;
				CLANG_WARN_ENUM_CONVERSION = YES;
				CLANG_WARN_INFINITE_RECURSION = YES;
				CLANG_WARN_INT_CONVERSION = YES;
				CLANG_WARN_NON_LITERAL_NULL_CONVERSION = YES;
				CLANG_WARN_OBJC_IMPLICIT_RETAIN_SELF = YES;
				CLANG_WARN_OBJC_LITERAL_CONVERSION = YES;
				CLANG_WARN_OBJC_ROOT_CLASS = YES_ERROR;
				CLANG_WARN_QUOTED_INCLUDE_IN_FRAMEWORK_HEADER = YES;
				CLANG_WARN_RANGE_LOOP_ANALYSIS = YES;
				CLANG_WARN_STRICT_PROTOTYPES = YES;
				CLANG_WARN_SUSPICIOUS_MOVE = YES;
				CLANG_WARN_UNGUARDED_AVAILABILITY = YES_AGGRESSIVE;
				CLANG_WARN_UNREACHABLE_CODE = YES;
				CLANG_WARN__DUPLICATE_METHOD_MATCH = YES;
				COPY_PHASE_STRIP = NO;
				DEBUG_INFORMATION_FORMAT = dwarf;
				ENABLE_STRICT_OBJC_MSGSEND = YES;
				ENABLE_TESTABILITY = YES;
				ENABLE_USER_SCRIPT_SANDBOXING = YES;
				GCC_C_LANGUAGE_STANDARD = gnu17;
				GCC_DYNAMIC_NO_PIC = NO;
				GCC_NO_COMMON_BLOCKS = YES;
				GCC_OPTIMIZATION_LEVEL = 0;
				GCC_PREPROCESSOR_DEFINITIONS = (
					"DEBUG=1",
					"$(inherited)",
				);
				GCC_WARN_64_TO_32_BIT_CONVERSION = YES;
				GCC_WARN_ABOUT_RETURN_TYPE = YES_ERROR;
				GCC_WARN_UNDECLARED_SELECTOR = YES;
				GCC_WARN_UNINITIALIZED_AUTOS = YES_AGGRESSIVE;
				GCC_WARN_UNUSED_FUNCTION = YES;
				GCC_WARN_UNUSED_VARIABLE = YES;
				IPHONEOS_DEPLOYMENT_TARGET = 26.1;
				LOCALIZATION_PREFERS_STRING_CATALOGS = YES;
				MTL_ENABLE_DEBUG_INFO = INCLUDE_SOURCE;
				MTL_FAST_MATH = YES;
				ONLY_ACTIVE_ARCH = YES;
				SDKROOT = iphoneos;
				SWIFT_ACTIVE_COMPILATION_CONDITIONS = "DEBUG $(inherited)";
				SWIFT_OPTIMIZATION_LEVEL = "-Onone";
			};
			name = Debug;
		};
		36C9104D2EC8F70F008FC284 /* Release */ = {
			isa = XCBuildConfiguration;
			buildSettings = {
				ALWAYS_SEARCH_USER_PATHS = NO;
				ASSETCATALOG_COMPILER_GENERATE_SWIFT_ASSET_SYMBOL_EXTENSIONS = YES;
				CLANG_ANALYZER_NONNULL = YES;
				CLANG_ANALYZER_NUMBER_OBJECT_CONVERSION = YES_AGGRESSIVE;
				CLANG_CXX_LANGUAGE_STANDARD = "gnu++20";
				CLANG_ENABLE_MODULES = YES;
				CLANG_ENABLE_OBJC_ARC = YES;
				CLANG_ENABLE_OBJC_WEAK = YES;
				CLANG_WARN_BLOCK_CAPTURE_AUTORELEASING = YES;
				CLANG_WARN_BOOL_CONVERSION = YES;
				CLANG_WARN_COMMA = YES;
				CLANG_WARN_CONSTANT_CONVERSION = YES;
				CLANG_WARN_DEPRECATED_OBJC_IMPLEMENTATIONS = YES;
				CLANG_WARN_DIRECT_OBJC_ISA_USAGE = YES_ERROR;
				CLANG_WARN_DOCUMENTATION_COMMENTS = YES;
				CLANG_WARN_EMPTY_BODY = YES;
				CLANG_WARN_ENUM_CONVERSION = YES;
				CLANG_WARN_INFINITE_RECURSION = YES;
				CLANG_WARN_INT_CONVERSION = YES;
				CLANG_WARN_NON_LITERAL_NULL_CONVERSION = YES;
				CLANG_WARN_OBJC_IMPLICIT_RETAIN_SELF = YES;
				CLANG_WARN_OBJC_LITERAL_CONVERSION = YES;
				CLANG_WARN_OBJC_ROOT_CLASS = YES_ERROR;
				CLANG_WARN_QUOTED_INCLUDE_IN_FRAMEWORK_HEADER = YES;
				CLANG_WARN_RANGE_LOOP_ANALYSIS = YES;
				CLANG_WARN_STRICT_PROTOTYPES = YES;
				CLANG_WARN_SUSPICIOUS_MOVE = YES;
				CLANG_WARN_UNGUARDED_AVAILABILITY = YES_AGGRESSIVE;
				CLANG_WARN_UNREACHABLE_CODE = YES;
				CLANG_WARN__DUPLICATE_METHOD_MATCH = YES;
				COPY_PHASE_STRIP = NO;
				DEBUG_INFORMATION_FORMAT = "dwarf-with-dsym";
				ENABLE_NS_ASSERTIONS = NO;
				ENABLE_STRICT_OBJC_MSGSEND = YES;
				ENABLE_USER_SCRIPT_SANDBOXING = YES;
				GCC_C_LANGUAGE_STANDARD = gnu17;
				GCC_NO_COMMON_BLOCKS = YES;
				GCC_WARN_64_TO_32_BIT_CONVERSION = YES;
				GCC_WARN_ABOUT_RETURN_TYPE = YES_ERROR;
				GCC_WARN_UNDECLARED_SELECTOR = YES;
				GCC_WARN_UNINITIALIZED_AUTOS = YES_AGGRESSIVE;
				GCC_WARN_UNUSED_FUNCTION = YES;
				GCC_WARN_UNUSED_VARIABLE = YES;
				IPHONEOS_DEPLOYMENT_TARGET = 26.1;
				LOCALIZATION_PREFERS_STRING_CATALOGS = YES;
				MTL_ENABLE_DEBUG_INFO = NO;
				MTL_FAST_MATH = YES;
				SDKROOT = iphoneos;
				SWIFT_COMPILATION_MODE = wholemodule;
				VALIDATE_PRODUCT = YES;
			};
			name = Release;
		};
		36C9104F2EC8F70F008FC284 /* Debug */ = {
			isa = XCBuildConfiguration;
			buildSettings = {
				ASSETCATALOG_COMPILER_APPICON_NAME = AppIcon;
				ASSETCATALOG_COMPILER_GLOBAL_ACCENT_COLOR_NAME = AccentColor;
				CODE_SIGN_ENTITLEMENTS = "gym-progressive-overload/gym-progressive-overload.entitlements";
				CODE_SIGN_STYLE = Automatic;
				CURRENT_PROJECT_VERSION = 1;
				ENABLE_PREVIEWS = YES;
				GENERATE_INFOPLIST_FILE = YES;
				INFOPLIST_KEY_NSMicrophoneUsageDescription = "This app needs access to your microphone to record voice input for logging workout sets.";
				INFOPLIST_KEY_NSSpeechRecognitionUsageDescription = "This app needs speech recognition to transcribe your voice input for hands-free workout logging.";
				INFOPLIST_KEY_NSSupportsLiveActivities = YES;
				INFOPLIST_KEY_UIApplicationSceneManifest_Generation = YES;
				INFOPLIST_KEY_UIApplicationSupportsIndirectInputEvents = YES;
				INFOPLIST_KEY_UIBackgroundModes = "remote-notification";
				INFOPLIST_KEY_UILaunchScreen_Generation = YES;
				INFOPLIST_KEY_UISupportedInterfaceOrientations_iPad = "UIInterfaceOrientationPortrait UIInterfaceOrientationPortraitUpsideDown UIInterfaceOrientationLandscapeLeft UIInterfaceOrientationLandscapeRight";
				INFOPLIST_KEY_UISupportedInterfaceOrientations_iPhone = "UIInterfaceOrientationPortrait UIInterfaceOrientationLandscapeLeft UIInterfaceOrientationLandscapeRight";
				LD_RUNPATH_SEARCH_PATHS = (
					"$(inherited)",
					"@executable_path/Frameworks",
				);
				MARKETING_VERSION = 1.0;
				PRODUCT_BUNDLE_IDENTIFIER = "alrinc.gym-progressive-overload";
				PRODUCT_NAME = "$(TARGET_NAME)";
				STRING_CATALOG_GENERATE_SYMBOLS = YES;
				SWIFT_APPROACHABLE_CONCURRENCY = YES;
				SWIFT_DEFAULT_ACTOR_ISOLATION = MainActor;
				SWIFT_EMIT_LOC_STRINGS = YES;
				SWIFT_UPCOMING_FEATURE_MEMBER_IMPORT_VISIBILITY = YES;
				SWIFT_VERSION = 5.0;
				TARGETED_DEVICE_FAMILY = "1,2";
			};
			name = Debug;
		};
		36C910502EC8F70F008FC284 /* Release */ = {
			isa = XCBuildConfiguration;
			buildSettings = {
				ASSETCATALOG_COMPILER_APPICON_NAME = AppIcon;
				ASSETCATALOG_COMPILER_GLOBAL_ACCENT_COLOR_NAME = AccentColor;
				CODE_SIGN_ENTITLEMENTS = "gym-progressive-overload/gym-progressive-overload.entitlements";
				CODE_SIGN_STYLE = Automatic;
				CURRENT_PROJECT_VERSION = 1;
				ENABLE_PREVIEWS = YES;
				GENERATE_INFOPLIST_FILE = YES;
				INFOPLIST_KEY_NSMicrophoneUsageDescription = "This app needs access to your microphone to record voice input for logging workout sets.";
				INFOPLIST_KEY_NSSpeechRecognitionUsageDescription = "This app needs speech recognition to transcribe your voice input for hands-free workout logging.";
				INFOPLIST_KEY_NSSupportsLiveActivities = YES;
				INFOPLIST_KEY_UIApplicationSceneManifest_Generation = YES;
				INFOPLIST_KEY_UIApplicationSupportsIndirectInputEvents = YES;
				INFOPLIST_KEY_UIBackgroundModes = "remote-notification";
				INFOPLIST_KEY_UILaunchScreen_Generation = YES;
				INFOPLIST_KEY_UISupportedInterfaceOrientations_iPad = "UIInterfaceOrientationPortrait UIInterfaceOrientationPortraitUpsideDown UIInterfaceOrientationLandscapeLeft UIInterfaceOrientationLandscapeRight";
				INFOPLIST_KEY_UISupportedInterfaceOrientations_iPhone = "UIInterfaceOrientationPortrait UIInterfaceOrientationLandscapeLeft UIInterfaceOrientationLandscapeRight";
				LD_RUNPATH_SEARCH_PATHS = (
					"$(inherited)",
					"@executable_path/Frameworks",
				);
				MARKETING_VERSION = 1.0;
				PRODUCT_BUNDLE_IDENTIFIER = "alrinc.gym-progressive-overload";
				PRODUCT_NAME = "$(TARGET_NAME)";
				STRING_CATALOG_GENERATE_SYMBOLS = YES;
				SWIFT_APPROACHABLE_CONCURRENCY = YES;
				SWIFT_DEFAULT_ACTOR_ISOLATION = MainActor;
				SWIFT_EMIT_LOC_STRINGS = YES;
				SWIFT_UPCOMING_FEATURE_MEMBER_IMPORT_VISIBILITY = YES;
				SWIFT_VERSION = 5.0;
				TARGETED_DEVICE_FAMILY = "1,2";
			};
			name = Release;
		};
		36C910522EC8F70F008FC284 /* Debug */ = {
			isa = XCBuildConfiguration;
			buildSettings = {
				BUNDLE_LOADER = "$(TEST_HOST)";
				CODE_SIGN_STYLE = Automatic;
				CURRENT_PROJECT_VERSION = 1;
				GENERATE_INFOPLIST_FILE = YES;
				IPHONEOS_DEPLOYMENT_TARGET = 26.1;
				MARKETING_VERSION = 1.0;
				PRODUCT_BUNDLE_IDENTIFIER = "alrinc.gym-progressive-overloadTests";
				PRODUCT_NAME = "$(TARGET_NAME)";
				STRING_CATALOG_GENERATE_SYMBOLS = NO;
				SWIFT_APPROACHABLE_CONCURRENCY = YES;
				SWIFT_EMIT_LOC_STRINGS = NO;
				SWIFT_UPCOMING_FEATURE_MEMBER_IMPORT_VISIBILITY = YES;
				SWIFT_VERSION = 5.0;
				TARGETED_DEVICE_FAMILY = "1,2";
				TEST_HOST = "$(BUILT_PRODUCTS_DIR)/gym-progressive-overload.app/$(BUNDLE_EXECUTABLE_FOLDER_PATH)/gym-progressive-overload";
			};
			name = Debug;
		};
		36C910532EC8F70F008FC284 /* Release */ = {
			isa = XCBuildConfiguration;
			buildSettings = {
				BUNDLE_LOADER = "$(TEST_HOST)";
				CODE_SIGN_STYLE = Automatic;
				CURRENT_PROJECT_VERSION = 1;
				GENERATE_INFOPLIST_FILE = YES;
				IPHONEOS_DEPLOYMENT_TARGET = 26.1;
				MARKETING_VERSION = 1.0;
				PRODUCT_BUNDLE_IDENTIFIER = "alrinc.gym-progressive-overloadTests";
				PRODUCT_NAME = "$(TARGET_NAME)";
				STRING_CATALOG_GENERATE_SYMBOLS = NO;
				SWIFT_APPROACHABLE_CONCURRENCY = YES;
				SWIFT_EMIT_LOC_STRINGS = NO;
				SWIFT_UPCOMING_FEATURE_MEMBER_IMPORT_VISIBILITY = YES;
				SWIFT_VERSION = 5.0;
				TARGETED_DEVICE_FAMILY = "1,2";
				TEST_HOST = "$(BUILT_PRODUCTS_DIR)/gym-progressive-overload.app/$(BUNDLE_EXECUTABLE_FOLDER_PATH)/gym-progressive-overload";
			};
			name = Release;
		};
		36C910552EC8F70F008FC284 /* Debug */ = {
			isa = XCBuildConfiguration;
			buildSettings = {
				CODE_SIGN_STYLE = Automatic;
				CURRENT_PROJECT_VERSION = 1;
				GENERATE_INFOPLIST_FILE = YES;
				MARKETING_VERSION = 1.0;
				PRODUCT_BUNDLE_IDENTIFIER = "alrinc.gym-progressive-overloadUITests";
				PRODUCT_NAME = "$(TARGET_NAME)";
				STRING_CATALOG_GENERATE_SYMBOLS = NO;
				SWIFT_APPROACHABLE_CONCURRENCY = YES;
				SWIFT_EMIT_LOC_STRINGS = NO;
				SWIFT_UPCOMING_FEATURE_MEMBER_IMPORT_VISIBILITY = YES;
				SWIFT_VERSION = 5.0;
				TARGETED_DEVICE_FAMILY = "1,2";
				TEST_TARGET_NAME = "gym-progressive-overload";
			};
			name = Debug;
		};
		36C910562EC8F70F008FC284 /* Release */ = {
			isa = XCBuildConfiguration;
			buildSettings = {
				CODE_SIGN_STYLE = Automatic;
				CURRENT_PROJECT_VERSION = 1;
				GENERATE_INFOPLIST_FILE = YES;
				MARKETING_VERSION = 1.0;
				PRODUCT_BUNDLE_IDENTIFIER = "alrinc.gym-progressive-overloadUITests";
				PRODUCT_NAME = "$(TARGET_NAME)";
				STRING_CATALOG_GENERATE_SYMBOLS = NO;
				SWIFT_APPROACHABLE_CONCURRENCY = YES;
				SWIFT_EMIT_LOC_STRINGS = NO;
				SWIFT_UPCOMING_FEATURE_MEMBER_IMPORT_VISIBILITY = YES;
				SWIFT_VERSION = 5.0;
				TARGETED_DEVICE_FAMILY = "1,2";
				TEST_TARGET_NAME = "gym-progressive-overload";
			};
			name = Release;
		};
/* End XCBuildConfiguration section */

/* Begin XCConfigurationList section */
		36166C7F2EC9065B00FF1455 /* Build configuration list for PBXNativeTarget "GymTrackerWidgetExtension" */ = {
			isa = XCConfigurationList;
			buildConfigurations = (
				36166C802EC9065B00FF1455 /* Debug */,
				36166C812EC9065B00FF1455 /* Release */,
			);
			defaultConfigurationIsVisible = 0;
			defaultConfigurationName = Release;
		};
		36C910262EC8F70D008FC284 /* Build configuration list for PBXProject "gym-progressive-overload" */ = {
			isa = XCConfigurationList;
			buildConfigurations = (
				36C9104C2EC8F70F008FC284 /* Debug */,
				36C9104D2EC8F70F008FC284 /* Release */,
			);
			defaultConfigurationIsVisible = 0;
			defaultConfigurationName = Release;
		};
		36C9104E2EC8F70F008FC284 /* Build configuration list for PBXNativeTarget "gym-progressive-overload" */ = {
			isa = XCConfigurationList;
			buildConfigurations = (
				36C9104F2EC8F70F008FC284 /* Debug */,
				36C910502EC8F70F008FC284 /* Release */,
			);
			defaultConfigurationIsVisible = 0;
			defaultConfigurationName = Release;
		};
		36C910512EC8F70F008FC284 /* Build configuration list for PBXNativeTarget "gym-progressive-overloadTests" */ = {
			isa = XCConfigurationList;
			buildConfigurations = (
				36C910522EC8F70F008FC284 /* Debug */,
				36C910532EC8F70F008FC284 /* Release */,
			);
			defaultConfigurationIsVisible = 0;
			defaultConfigurationName = Release;
		};
		36C910542EC8F70F008FC284 /* Build configuration list for PBXNativeTarget "gym-progressive-overloadUITests" */ = {
			isa = XCConfigurationList;
			buildConfigurations = (
				36C910552EC8F70F008FC284 /* Debug */,
				36C910562EC8F70F008FC284 /* Release */,
			);
			defaultConfigurationIsVisible = 0;
			defaultConfigurationName = Release;
		};
/* End XCConfigurationList section */
	};
	rootObject = 36C910232EC8F70D008FC284 /* Project object */;
}
